// !$*UTF8*$!
{
	archiveVersion = 1;
	classes = {
	};
	objectVersion = 54;
	objects = {

/* Begin PBXBuildFile section */
		504EC3081FED79650016851F /* AppDelegate.swift in Sources */ = {isa = PBXBuildFile; fileRef = 504EC3071FED79650016851F /* AppDelegate.swift */; };
		504EC30F1FED79650016851F /* Assets.xcassets in Resources */ = {isa = PBXBuildFile; fileRef = 504EC30E1FED79650016851F /* Assets.xcassets */; };
		504EC3121FED79650016851F /* LaunchScreen.storyboard in Resources */ = {isa = PBXBuildFile; fileRef = 504EC3101FED79650016851F /* LaunchScreen.storyboard */; };
		710000011234567890ABCDEF /* LiveActivityAttributes.swift in Sources */ = {isa = PBXBuildFile; fileRef = 720000011234567890ABCDEF /* LiveActivityAttributes.swift */; };
		710000021234567890ABCDEF /* LiveActivityService.swift in Sources */ = {isa = PBXBuildFile; fileRef = 720000021234567890ABCDEF /* LiveActivityService.swift */; };
		710000031234567890ABCDEF /* WidgetSnapshotPublisher.swift in Sources */ = {isa = PBXBuildFile; fileRef = 720000031234567890ABCDEF /* WidgetSnapshotPublisher.swift */; };
		710000041234567890ABCDEF /* WidgetSnapshot.swift in Sources */ = {isa = PBXBuildFile; fileRef = 720000051234567890ABCDEF /* WidgetSnapshot.swift */; };
		710000051234567890ABCDEF /* LiveActivityAttributes.swift in Sources */ = {isa = PBXBuildFile; fileRef = 720000011234567890ABCDEF /* LiveActivityAttributes.swift */; };
		710000061234567890ABCDEF /* WidgetSnapshot.swift in Sources */ = {isa = PBXBuildFile; fileRef = 720000051234567890ABCDEF /* WidgetSnapshot.swift */; };
		710000071234567890ABCDEF /* OffWorkCountdownWidget.swift in Sources */ = {isa = PBXBuildFile; fileRef = 720000061234567890ABCDEF /* OffWorkCountdownWidget.swift */; };
		710000081234567890ABCDEF /* OffWorkWidgets.swift in Sources */ = {isa = PBXBuildFile; fileRef = 720000071234567890ABCDEF /* OffWorkWidgets.swift */; };
		710000091234567890ABCDEF /* Assets.xcassets in Resources */ = {isa = PBXBuildFile; fileRef = 504EC30E1FED79650016851F /* Assets.xcassets */; };
		7100000A1234567890ABCDEF /* locales in Resources */ = {isa = PBXBuildFile; fileRef = F000000C000000000000000C /* locales */; };
		7100000B1234567890ABCDEF /* OffWorkCountdownWidgetsExtension.appex in Embed Foundation Extensions */ = {isa = PBXBuildFile; fileRef = 7200000A1234567890ABCDEF /* OffWorkCountdownWidgetsExtension.appex */; settings = {ATTRIBUTES = (CodeSignOnCopy, RemoveHeadersOnCopy, ); }; };
		A10000010000000000000001 /* OffWorkStoreTests.swift in Sources */ = {isa = PBXBuildFile; fileRef = A20000010000000000000001 /* OffWorkStoreTests.swift */; };
		C30000010000000000000001 /* InfoPlist.strings in Resources */ = {isa = PBXBuildFile; fileRef = C20000010000000000000001 /* InfoPlist.strings */; };
		E00000010000000000000001 /* OWCDesignSystem.swift in Sources */ = {isa = PBXBuildFile; fileRef = F00000010000000000000001 /* OWCDesignSystem.swift */; };
		E00000020000000000000002 /* CountdownRules.swift in Sources */ = {isa = PBXBuildFile; fileRef = F00000020000000000000002 /* CountdownRules.swift */; };
		E00000030000000000000003 /* OffWorkStore.swift in Sources */ = {isa = PBXBuildFile; fileRef = F00000030000000000000003 /* OffWorkStore.swift */; };
		E00000040000000000000004 /* NativeLocalizer.swift in Sources */ = {isa = PBXBuildFile; fileRef = F00000040000000000000004 /* NativeLocalizer.swift */; };
		E00000050000000000000005 /* NotificationService.swift in Sources */ = {isa = PBXBuildFile; fileRef = F00000050000000000000005 /* NotificationService.swift */; };
		E00000060000000000000006 /* ShareSheet.swift in Sources */ = {isa = PBXBuildFile; fileRef = F00000060000000000000006 /* ShareSheet.swift */; };
		E00000070000000000000007 /* OnboardingView.swift in Sources */ = {isa = PBXBuildFile; fileRef = F00000070000000000000007 /* OnboardingView.swift */; };
		E00000080000000000000008 /* RootView.swift in Sources */ = {isa = PBXBuildFile; fileRef = F00000080000000000000008 /* RootView.swift */; };
		E00000090000000000000009 /* TimerView.swift in Sources */ = {isa = PBXBuildFile; fileRef = F00000090000000000000009 /* TimerView.swift */; };
		E000000B000000000000000B /* CountdownRules.js in Resources */ = {isa = PBXBuildFile; fileRef = F000000B000000000000000B /* CountdownRules.js */; };
		E000000C000000000000000C /* locales in Resources */ = {isa = PBXBuildFile; fileRef = F000000C000000000000000C /* locales */; };
		E000000D000000000000000D /* TimerDesignView.swift in Sources */ = {isa = PBXBuildFile; fileRef = F000000D000000000000000D /* TimerDesignView.swift */; };
		E000000E000000000000000E /* SettingsDesignView.swift in Sources */ = {isa = PBXBuildFile; fileRef = F000000E000000000000000E /* SettingsDesignView.swift */; };
		E000000F000000000000000F /* SettingsDetailDesignViews.swift in Sources */ = {isa = PBXBuildFile; fileRef = F000000F000000000000000F /* SettingsDetailDesignViews.swift */; };
		E00000100000000000000010 /* TabletDesignView.swift in Sources */ = {isa = PBXBuildFile; fileRef = F00000100000000000000010 /* TabletDesignView.swift */; };
		E00000110000000000000011 /* TimerStatusViews.swift in Sources */ = {isa = PBXBuildFile; fileRef = F00000110000000000000011 /* TimerStatusViews.swift */; };
		E00000120000000000000012 /* PhoneLandscapeView.swift in Sources */ = {isa = PBXBuildFile; fileRef = F00000120000000000000012 /* PhoneLandscapeView.swift */; };
		E00000130000000000000013 /* AboutView.swift in Sources */ = {isa = PBXBuildFile; fileRef = F00000130000000000000013 /* AboutView.swift */; };
		E00000140000000000000014 /* OWCSystemBackSwipeBridge.swift in Sources */ = {isa = PBXBuildFile; fileRef = F00000140000000000000014 /* OWCSystemBackSwipeBridge.swift */; };
		E00000150000000000000015 /* AppRouteDestination.swift in Sources */ = {isa = PBXBuildFile; fileRef = F00000150000000000000015 /* AppRouteDestination.swift */; };
		E00000160000000000000016 /* OWCMotion.swift in Sources */ = {isa = PBXBuildFile; fileRef = F00000160000000000000016 /* OWCMotion.swift */; };
		E00000170000000000000017 /* TimerVisualPhase.swift in Sources */ = {isa = PBXBuildFile; fileRef = F00000170000000000000017 /* TimerVisualPhase.swift */; };
		E00000180000000000000018 /* OWCCountdownTextTransition.swift in Sources */ = {isa = PBXBuildFile; fileRef = F00000180000000000000018 /* OWCCountdownTextTransition.swift */; };
		E00000190000000000000019 /* UpcomingTimelineEvent.swift in Sources */ = {isa = PBXBuildFile; fileRef = F00000190000000000000019 /* UpcomingTimelineEvent.swift */; };
		E000001A000000000000001A /* UpcomingTimelineView.swift in Sources */ = {isa = PBXBuildFile; fileRef = F000001A000000000000001A /* UpcomingTimelineView.swift */; };
		E000001F000000000000001F /* UpcomingTimelineEventRow.swift in Sources */ = {isa = PBXBuildFile; fileRef = F000001F000000000000001F /* UpcomingTimelineEventRow.swift */; };
		E00000200000000000000020 /* TimerActionBar.swift in Sources */ = {isa = PBXBuildFile; fileRef = F00000200000000000000020 /* TimerActionBar.swift */; };
		6BD818DF3D90C7175FC64B96 /* ClockOffEarlyLabel.swift in Sources */ = {isa = PBXBuildFile; fileRef = 62E67BB1AA7F2D01B5263CE7 /* ClockOffEarlyLabel.swift */; };
		E00000230000000000000023 /* OffWorkStore+Labels.swift in Sources */ = {isa = PBXBuildFile; fileRef = F00000230000000000000023 /* OffWorkStore+Labels.swift */; };
		E00000240000000000000024 /* SetupTimeField.swift in Sources */ = {isa = PBXBuildFile; fileRef = F00000240000000000000024 /* SetupTimeField.swift */; };
		E00000250000000000000025 /* StartArmState.swift in Sources */ = {isa = PBXBuildFile; fileRef = F00000250000000000000025 /* StartArmState.swift */; };
		E00000260000000000000026 /* ShiftHeroTimeButton.swift in Sources */ = {isa = PBXBuildFile; fileRef = F00000260000000000000026 /* ShiftHeroTimeButton.swift */; };
		E00000270000000000000027 /* ShiftHeroCard.swift in Sources */ = {isa = PBXBuildFile; fileRef = F00000270000000000000027 /* ShiftHeroCard.swift */; };
		E00000290000000000000029 /* ShiftStartButton.swift in Sources */ = {isa = PBXBuildFile; fileRef = F00000290000000000000029 /* ShiftStartButton.swift */; };
		E000002A000000000000002A /* OWCSetupTimePickerSheet.swift in Sources */ = {isa = PBXBuildFile; fileRef = F000002A000000000000002A /* OWCSetupTimePickerSheet.swift */; };
		E000002B000000000000002B /* ShiftSetupView.swift in Sources */ = {isa = PBXBuildFile; fileRef = F000002B000000000000002B /* ShiftSetupView.swift */; };
		E000002C000000000000002C /* OWCHeroButtonStyle.swift in Sources */ = {isa = PBXBuildFile; fileRef = F000002C000000000000002C /* OWCHeroButtonStyle.swift */; };
		E000002D000000000000002D /* RelativeDurationFormatter.swift in Sources */ = {isa = PBXBuildFile; fileRef = F000002D000000000000002D /* RelativeDurationFormatter.swift */; };
		E000002E000000000000002E /* SettingsSection.swift in Sources */ = {isa = PBXBuildFile; fileRef = F000002E000000000000002E /* SettingsSection.swift */; };
		E000002F000000000000002F /* SettingsSectionCard.swift in Sources */ = {isa = PBXBuildFile; fileRef = F000002F000000000000002F /* SettingsSectionCard.swift */; };
		E00000300000000000000030 /* ShiftSetupTimelineView.swift in Sources */ = {isa = PBXBuildFile; fileRef = F00000300000000000000030 /* ShiftSetupTimelineView.swift */; };
		E00000310000000000000031 /* ShiftPreviewEntry.swift in Sources */ = {isa = PBXBuildFile; fileRef = F00000310000000000000031 /* ShiftPreviewEntry.swift */; };
		E00000320000000000000032 /* OffWorkStore+ShiftPreview.swift in Sources */ = {isa = PBXBuildFile; fileRef = F00000320000000000000032 /* OffWorkStore+ShiftPreview.swift */; };
		E00000330000000000000033 /* ShiftPreviewRow.swift in Sources */ = {isa = PBXBuildFile; fileRef = F00000330000000000000033 /* ShiftPreviewRow.swift */; };
		E00000340000000000000034 /* BiometricGate.swift in Sources */ = {isa = PBXBuildFile; fileRef = F00000340000000000000034 /* BiometricGate.swift */; };
		E00000350000000000000035 /* RestDayUpcomingView.swift in Sources */ = {isa = PBXBuildFile; fileRef = F00000350000000000000035 /* RestDayUpcomingView.swift */; };
		E00000360000000000000036 /* DraggableBrandIcon.swift in Sources */ = {isa = PBXBuildFile; fileRef = F00000360000000000000036 /* DraggableBrandIcon.swift */; };
		E00000370000000000000037 /* OWCBrandMark.swift in Sources */ = {isa = PBXBuildFile; fileRef = F00000370000000000000037 /* OWCBrandMark.swift */; };
		E00000380000000000000038 /* OnboardingScheduleDetailsView.swift in Sources */ = {isa = PBXBuildFile; fileRef = F00000380000000000000038 /* OnboardingScheduleDetailsView.swift */; };
		E00000390000000000000039 /* CelebratingBrandMark.swift in Sources */ = {isa = PBXBuildFile; fileRef = F00000390000000000000039 /* CelebratingBrandMark.swift */; };
/* End PBXBuildFile section */

/* Begin PBXContainerItemProxy section */
		760000011234567890ABCDEF /* PBXContainerItemProxy */ = {
			isa = PBXContainerItemProxy;
			containerPortal = 504EC2FC1FED79650016851F /* Project object */;
			proxyType = 1;
			remoteGlobalIDString = 740000011234567890ABCDEF;
			remoteInfo = OffWorkCountdownWidgetsExtension;
		};
		A60000010000000000000001 /* PBXContainerItemProxy */ = {
			isa = PBXContainerItemProxy;
			containerPortal = 504EC2FC1FED79650016851F /* Project object */;
			proxyType = 1;
			remoteGlobalIDString = 504EC3031FED79650016851F;
			remoteInfo = App;
		};
/* End PBXContainerItemProxy section */

/* Begin PBXCopyFilesBuildPhase section */
		750000041234567890ABCDEF /* Embed Foundation Extensions */ = {
			isa = PBXCopyFilesBuildPhase;
			buildActionMask = 2147483647;
			dstPath = "";
			dstSubfolderSpec = 13;
			files = (
				7100000B1234567890ABCDEF /* OffWorkCountdownWidgetsExtension.appex in Embed Foundation Extensions */,
			);
			name = "Embed Foundation Extensions";
			runOnlyForDeploymentPostprocessing = 0;
		};
/* End PBXCopyFilesBuildPhase section */

/* Begin PBXFileReference section */
		504EC3041FED79650016851F /* App.app */ = {isa = PBXFileReference; explicitFileType = wrapper.application; includeInIndex = 0; path = App.app; sourceTree = BUILT_PRODUCTS_DIR; };
		504EC3071FED79650016851F /* AppDelegate.swift */ = {isa = PBXFileReference; lastKnownFileType = sourcecode.swift; path = AppDelegate.swift; sourceTree = "<group>"; };
		504EC30E1FED79650016851F /* Assets.xcassets */ = {isa = PBXFileReference; lastKnownFileType = folder.assetcatalog; path = Assets.xcassets; sourceTree = "<group>"; };
		504EC3111FED79650016851F /* Base */ = {isa = PBXFileReference; lastKnownFileType = file.storyboard; name = Base; path = Base.lproj/LaunchScreen.storyboard; sourceTree = "<group>"; };
		504EC3131FED79650016851F /* Info.plist */ = {isa = PBXFileReference; lastKnownFileType = text.plist.xml; path = Info.plist; sourceTree = "<group>"; };
		720000011234567890ABCDEF /* LiveActivityAttributes.swift */ = {isa = PBXFileReference; lastKnownFileType = sourcecode.swift; name = LiveActivityAttributes.swift; path = Native/Models/LiveActivityAttributes.swift; sourceTree = "<group>"; };
		720000021234567890ABCDEF /* LiveActivityService.swift */ = {isa = PBXFileReference; lastKnownFileType = sourcecode.swift; name = LiveActivityService.swift; path = Native/Services/LiveActivityService.swift; sourceTree = "<group>"; };
		720000031234567890ABCDEF /* WidgetSnapshotPublisher.swift */ = {isa = PBXFileReference; lastKnownFileType = sourcecode.swift; name = WidgetSnapshotPublisher.swift; path = Native/Services/WidgetSnapshotPublisher.swift; sourceTree = "<group>"; };
		720000041234567890ABCDEF /* App.entitlements */ = {isa = PBXFileReference; lastKnownFileType = text.plist.entitlements; path = App.entitlements; sourceTree = "<group>"; };
		720000051234567890ABCDEF /* WidgetSnapshot.swift */ = {isa = PBXFileReference; lastKnownFileType = sourcecode.swift; name = WidgetSnapshot.swift; path = "../../../src-tauri/macos-widget/Sources/WidgetSnapshotContract/WidgetSnapshot.swift"; sourceTree = SOURCE_ROOT; };
		720000061234567890ABCDEF /* OffWorkCountdownWidget.swift */ = {isa = PBXFileReference; lastKnownFileType = sourcecode.swift; name = OffWorkCountdownWidget.swift; path = "../../../src-tauri/macos-widget/Sources/OffWorkCountdownWidgetUI/OffWorkCountdownWidget.swift"; sourceTree = SOURCE_ROOT; };
		720000071234567890ABCDEF /* OffWorkWidgets.swift */ = {isa = PBXFileReference; lastKnownFileType = sourcecode.swift; path = OffWorkWidgets.swift; sourceTree = "<group>"; };
		720000081234567890ABCDEF /* Info.plist */ = {isa = PBXFileReference; lastKnownFileType = text.plist.xml; path = Info.plist; sourceTree = "<group>"; };
		720000091234567890ABCDEF /* Widget.entitlements */ = {isa = PBXFileReference; lastKnownFileType = text.plist.entitlements; path = Widget.entitlements; sourceTree = "<group>"; };
		7200000A1234567890ABCDEF /* OffWorkCountdownWidgetsExtension.appex */ = {isa = PBXFileReference; explicitFileType = "wrapper.app-extension"; includeInIndex = 0; path = OffWorkCountdownWidgetsExtension.appex; sourceTree = BUILT_PRODUCTS_DIR; };
		A20000010000000000000001 /* OffWorkStoreTests.swift */ = {isa = PBXFileReference; lastKnownFileType = sourcecode.swift; path = OffWorkStoreTests.swift; sourceTree = "<group>"; };
		A20000020000000000000002 /* AppTests.xctest */ = {isa = PBXFileReference; explicitFileType = wrapper.cfbundle; includeInIndex = 0; path = AppTests.xctest; sourceTree = BUILT_PRODUCTS_DIR; };
		C10000010000000000000001 /* en */ = {isa = PBXFileReference; lastKnownFileType = text.plist.strings; name = en; path = en.lproj/InfoPlist.strings; sourceTree = "<group>"; };
		C10000020000000000000002 /* zh-CN */ = {isa = PBXFileReference; lastKnownFileType = text.plist.strings; name = "zh-CN"; path = "zh-CN.lproj/InfoPlist.strings"; sourceTree = "<group>"; };
		C10000030000000000000003 /* zh-HK */ = {isa = PBXFileReference; lastKnownFileType = text.plist.strings; name = "zh-HK"; path = "zh-HK.lproj/InfoPlist.strings"; sourceTree = "<group>"; };
		C10000040000000000000004 /* zh-TW */ = {isa = PBXFileReference; lastKnownFileType = text.plist.strings; name = "zh-TW"; path = "zh-TW.lproj/InfoPlist.strings"; sourceTree = "<group>"; };
		C10000050000000000000005 /* ja */ = {isa = PBXFileReference; lastKnownFileType = text.plist.strings; name = ja; path = ja.lproj/InfoPlist.strings; sourceTree = "<group>"; };
		C10000060000000000000006 /* ko */ = {isa = PBXFileReference; lastKnownFileType = text.plist.strings; name = ko; path = ko.lproj/InfoPlist.strings; sourceTree = "<group>"; };
		C10000070000000000000007 /* de */ = {isa = PBXFileReference; lastKnownFileType = text.plist.strings; name = de; path = de.lproj/InfoPlist.strings; sourceTree = "<group>"; };
		C10000080000000000000008 /* es */ = {isa = PBXFileReference; lastKnownFileType = text.plist.strings; name = es; path = es.lproj/InfoPlist.strings; sourceTree = "<group>"; };
		C10000090000000000000009 /* fr */ = {isa = PBXFileReference; lastKnownFileType = text.plist.strings; name = fr; path = fr.lproj/InfoPlist.strings; sourceTree = "<group>"; };
		C100000A000000000000000A /* it */ = {isa = PBXFileReference; lastKnownFileType = text.plist.strings; name = it; path = it.lproj/InfoPlist.strings; sourceTree = "<group>"; };
		C100000B000000000000000B /* pt */ = {isa = PBXFileReference; lastKnownFileType = text.plist.strings; name = pt; path = pt.lproj/InfoPlist.strings; sourceTree = "<group>"; };
		C100000C000000000000000C /* ru */ = {isa = PBXFileReference; lastKnownFileType = text.plist.strings; name = ru; path = ru.lproj/InfoPlist.strings; sourceTree = "<group>"; };
		C100000D000000000000000D /* ar */ = {isa = PBXFileReference; lastKnownFileType = text.plist.strings; name = ar; path = ar.lproj/InfoPlist.strings; sourceTree = "<group>"; };
		C100000E000000000000000E /* hi-IN */ = {isa = PBXFileReference; lastKnownFileType = text.plist.strings; name = "hi-IN"; path = "hi-IN.lproj/InfoPlist.strings"; sourceTree = "<group>"; };
		C100000F000000000000000F /* mr-IN */ = {isa = PBXFileReference; lastKnownFileType = text.plist.strings; name = "mr-IN"; path = "mr-IN.lproj/InfoPlist.strings"; sourceTree = "<group>"; };
		C10000100000000000000010 /* id */ = {isa = PBXFileReference; lastKnownFileType = text.plist.strings; name = id; path = id.lproj/InfoPlist.strings; sourceTree = "<group>"; };
		C10000110000000000000011 /* th */ = {isa = PBXFileReference; lastKnownFileType = text.plist.strings; name = th; path = th.lproj/InfoPlist.strings; sourceTree = "<group>"; };
		C10000120000000000000012 /* tr */ = {isa = PBXFileReference; lastKnownFileType = text.plist.strings; name = tr; path = tr.lproj/InfoPlist.strings; sourceTree = "<group>"; };
		C10000130000000000000013 /* vi */ = {isa = PBXFileReference; lastKnownFileType = text.plist.strings; name = vi; path = vi.lproj/InfoPlist.strings; sourceTree = "<group>"; };
		F00000010000000000000001 /* OWCDesignSystem.swift */ = {isa = PBXFileReference; lastKnownFileType = sourcecode.swift; name = OWCDesignSystem.swift; path = Native/DesignSystem/OWCDesignSystem.swift; sourceTree = "<group>"; };
		F00000020000000000000002 /* CountdownRules.swift */ = {isa = PBXFileReference; lastKnownFileType = sourcecode.swift; name = CountdownRules.swift; path = Native/Models/CountdownRules.swift; sourceTree = "<group>"; };
		F00000030000000000000003 /* OffWorkStore.swift */ = {isa = PBXFileReference; lastKnownFileType = sourcecode.swift; name = OffWorkStore.swift; path = Native/Models/OffWorkStore.swift; sourceTree = "<group>"; };
		F00000040000000000000004 /* NativeLocalizer.swift */ = {isa = PBXFileReference; lastKnownFileType = sourcecode.swift; name = NativeLocalizer.swift; path = Native/Services/NativeLocalizer.swift; sourceTree = "<group>"; };
		F00000050000000000000005 /* NotificationService.swift */ = {isa = PBXFileReference; lastKnownFileType = sourcecode.swift; name = NotificationService.swift; path = Native/Services/NotificationService.swift; sourceTree = "<group>"; };
		F00000060000000000000006 /* ShareSheet.swift */ = {isa = PBXFileReference; lastKnownFileType = sourcecode.swift; name = ShareSheet.swift; path = Native/Services/ShareSheet.swift; sourceTree = "<group>"; };
		F00000070000000000000007 /* OnboardingView.swift */ = {isa = PBXFileReference; lastKnownFileType = sourcecode.swift; name = OnboardingView.swift; path = Native/Views/OnboardingView.swift; sourceTree = "<group>"; };
		F00000080000000000000008 /* RootView.swift */ = {isa = PBXFileReference; lastKnownFileType = sourcecode.swift; name = RootView.swift; path = Native/Views/RootView.swift; sourceTree = "<group>"; };
		F00000090000000000000009 /* TimerView.swift */ = {isa = PBXFileReference; lastKnownFileType = sourcecode.swift; name = TimerView.swift; path = Native/Views/TimerView.swift; sourceTree = "<group>"; };
		F000000B000000000000000B /* CountdownRules.js */ = {isa = PBXFileReference; lastKnownFileType = sourcecode.javascript; name = CountdownRules.js; path = Resources/CountdownRules.js; sourceTree = "<group>"; };
		F000000C000000000000000C /* locales */ = {isa = PBXFileReference; lastKnownFileType = folder; name = locales; path = ../../../public/locales; sourceTree = SOURCE_ROOT; };
		F000000D000000000000000D /* TimerDesignView.swift */ = {isa = PBXFileReference; lastKnownFileType = sourcecode.swift; name = TimerDesignView.swift; path = Native/Views/TimerDesignView.swift; sourceTree = "<group>"; };
		F000000E000000000000000E /* SettingsDesignView.swift */ = {isa = PBXFileReference; lastKnownFileType = sourcecode.swift; name = SettingsDesignView.swift; path = Native/Views/SettingsDesignView.swift; sourceTree = "<group>"; };
		F000000F000000000000000F /* SettingsDetailDesignViews.swift */ = {isa = PBXFileReference; lastKnownFileType = sourcecode.swift; name = SettingsDetailDesignViews.swift; path = Native/Views/SettingsDetailDesignViews.swift; sourceTree = "<group>"; };
		F00000100000000000000010 /* TabletDesignView.swift */ = {isa = PBXFileReference; lastKnownFileType = sourcecode.swift; name = TabletDesignView.swift; path = Native/Views/TabletDesignView.swift; sourceTree = "<group>"; };
		F00000110000000000000011 /* TimerStatusViews.swift */ = {isa = PBXFileReference; lastKnownFileType = sourcecode.swift; name = TimerStatusViews.swift; path = Native/Views/TimerStatusViews.swift; sourceTree = "<group>"; };
		F00000120000000000000012 /* PhoneLandscapeView.swift */ = {isa = PBXFileReference; lastKnownFileType = sourcecode.swift; name = PhoneLandscapeView.swift; path = Native/Views/PhoneLandscapeView.swift; sourceTree = "<group>"; };
		F00000130000000000000013 /* AboutView.swift */ = {isa = PBXFileReference; lastKnownFileType = sourcecode.swift; name = AboutView.swift; path = Native/Views/AboutView.swift; sourceTree = "<group>"; };
		F00000140000000000000014 /* OWCSystemBackSwipeBridge.swift */ = {isa = PBXFileReference; lastKnownFileType = sourcecode.swift; name = OWCSystemBackSwipeBridge.swift; path = Native/DesignSystem/OWCSystemBackSwipeBridge.swift; sourceTree = "<group>"; };
		F00000150000000000000015 /* AppRouteDestination.swift */ = {isa = PBXFileReference; lastKnownFileType = sourcecode.swift; name = AppRouteDestination.swift; path = Native/Views/AppRouteDestination.swift; sourceTree = "<group>"; };
		F00000160000000000000016 /* OWCMotion.swift */ = {isa = PBXFileReference; lastKnownFileType = sourcecode.swift; name = OWCMotion.swift; path = Native/DesignSystem/OWCMotion.swift; sourceTree = "<group>"; };
		F00000170000000000000017 /* TimerVisualPhase.swift */ = {isa = PBXFileReference; lastKnownFileType = sourcecode.swift; name = TimerVisualPhase.swift; path = Native/Views/TimerVisualPhase.swift; sourceTree = "<group>"; };
		F00000180000000000000018 /* OWCCountdownTextTransition.swift */ = {isa = PBXFileReference; lastKnownFileType = sourcecode.swift; name = OWCCountdownTextTransition.swift; path = Native/DesignSystem/OWCCountdownTextTransition.swift; sourceTree = "<group>"; };
		F00000190000000000000019 /* UpcomingTimelineEvent.swift */ = {isa = PBXFileReference; lastKnownFileType = sourcecode.swift; name = UpcomingTimelineEvent.swift; path = Native/Models/UpcomingTimelineEvent.swift; sourceTree = "<group>"; };
		F000001A000000000000001A /* UpcomingTimelineView.swift */ = {isa = PBXFileReference; lastKnownFileType = sourcecode.swift; name = UpcomingTimelineView.swift; path = Native/Views/UpcomingTimelineView.swift; sourceTree = "<group>"; };
		F000001F000000000000001F /* UpcomingTimelineEventRow.swift */ = {isa = PBXFileReference; lastKnownFileType = sourcecode.swift; name = UpcomingTimelineEventRow.swift; path = Native/Views/UpcomingTimelineEventRow.swift; sourceTree = "<group>"; };
		F00000200000000000000020 /* TimerActionBar.swift */ = {isa = PBXFileReference; lastKnownFileType = sourcecode.swift; name = TimerActionBar.swift; path = Native/Views/TimerActionBar.swift; sourceTree = "<group>"; };
		62E67BB1AA7F2D01B5263CE7 /* ClockOffEarlyLabel.swift */ = {isa = PBXFileReference; lastKnownFileType = sourcecode.swift; name = ClockOffEarlyLabel.swift; path = Native/Views/ClockOffEarlyLabel.swift; sourceTree = "<group>"; };
		F00000230000000000000023 /* OffWorkStore+Labels.swift */ = {isa = PBXFileReference; lastKnownFileType = sourcecode.swift; name = "OffWorkStore+Labels.swift"; path = "Native/Models/OffWorkStore+Labels.swift"; sourceTree = "<group>"; };
		F00000240000000000000024 /* SetupTimeField.swift */ = {isa = PBXFileReference; lastKnownFileType = sourcecode.swift; name = SetupTimeField.swift; path = Native/Views/SetupTimeField.swift; sourceTree = "<group>"; };
		F00000250000000000000025 /* StartArmState.swift */ = {isa = PBXFileReference; lastKnownFileType = sourcecode.swift; name = StartArmState.swift; path = Native/Views/StartArmState.swift; sourceTree = "<group>"; };
		F00000260000000000000026 /* ShiftHeroTimeButton.swift */ = {isa = PBXFileReference; lastKnownFileType = sourcecode.swift; name = ShiftHeroTimeButton.swift; path = Native/Views/ShiftHeroTimeButton.swift; sourceTree = "<group>"; };
		F00000270000000000000027 /* ShiftHeroCard.swift */ = {isa = PBXFileReference; lastKnownFileType = sourcecode.swift; name = ShiftHeroCard.swift; path = Native/Views/ShiftHeroCard.swift; sourceTree = "<group>"; };
		F00000290000000000000029 /* ShiftStartButton.swift */ = {isa = PBXFileReference; lastKnownFileType = sourcecode.swift; name = ShiftStartButton.swift; path = Native/Views/ShiftStartButton.swift; sourceTree = "<group>"; };
		F000002A000000000000002A /* OWCSetupTimePickerSheet.swift */ = {isa = PBXFileReference; lastKnownFileType = sourcecode.swift; name = OWCSetupTimePickerSheet.swift; path = Native/Views/OWCSetupTimePickerSheet.swift; sourceTree = "<group>"; };
		F000002B000000000000002B /* ShiftSetupView.swift */ = {isa = PBXFileReference; lastKnownFileType = sourcecode.swift; name = ShiftSetupView.swift; path = Native/Views/ShiftSetupView.swift; sourceTree = "<group>"; };
		F000002C000000000000002C /* OWCHeroButtonStyle.swift */ = {isa = PBXFileReference; lastKnownFileType = sourcecode.swift; name = OWCHeroButtonStyle.swift; path = Native/DesignSystem/OWCHeroButtonStyle.swift; sourceTree = "<group>"; };
		F000002D000000000000002D /* RelativeDurationFormatter.swift */ = {isa = PBXFileReference; lastKnownFileType = sourcecode.swift; name = RelativeDurationFormatter.swift; path = Native/Models/RelativeDurationFormatter.swift; sourceTree = "<group>"; };
		F000002E000000000000002E /* SettingsSection.swift */ = {isa = PBXFileReference; lastKnownFileType = sourcecode.swift; name = SettingsSection.swift; path = Native/Views/SettingsSection.swift; sourceTree = "<group>"; };
		F000002F000000000000002F /* SettingsSectionCard.swift */ = {isa = PBXFileReference; lastKnownFileType = sourcecode.swift; name = SettingsSectionCard.swift; path = Native/Views/SettingsSectionCard.swift; sourceTree = "<group>"; };
		F00000300000000000000030 /* ShiftSetupTimelineView.swift */ = {isa = PBXFileReference; lastKnownFileType = sourcecode.swift; name = ShiftSetupTimelineView.swift; path = Native/Views/ShiftSetupTimelineView.swift; sourceTree = "<group>"; };
		F00000310000000000000031 /* ShiftPreviewEntry.swift */ = {isa = PBXFileReference; lastKnownFileType = sourcecode.swift; name = ShiftPreviewEntry.swift; path = Native/Models/ShiftPreviewEntry.swift; sourceTree = "<group>"; };
		F00000320000000000000032 /* OffWorkStore+ShiftPreview.swift */ = {isa = PBXFileReference; lastKnownFileType = sourcecode.swift; name = "OffWorkStore+ShiftPreview.swift"; path = "Native/Models/OffWorkStore+ShiftPreview.swift"; sourceTree = "<group>"; };
		F00000330000000000000033 /* ShiftPreviewRow.swift */ = {isa = PBXFileReference; lastKnownFileType = sourcecode.swift; name = ShiftPreviewRow.swift; path = Native/Views/ShiftPreviewRow.swift; sourceTree = "<group>"; };
		F00000340000000000000034 /* BiometricGate.swift */ = {isa = PBXFileReference; lastKnownFileType = sourcecode.swift; name = BiometricGate.swift; path = Native/Services/BiometricGate.swift; sourceTree = "<group>"; };
		F00000350000000000000035 /* RestDayUpcomingView.swift */ = {isa = PBXFileReference; lastKnownFileType = sourcecode.swift; name = RestDayUpcomingView.swift; path = Native/Views/RestDayUpcomingView.swift; sourceTree = "<group>"; };
		F00000360000000000000036 /* DraggableBrandIcon.swift */ = {isa = PBXFileReference; lastKnownFileType = sourcecode.swift; name = DraggableBrandIcon.swift; path = Native/Views/DraggableBrandIcon.swift; sourceTree = "<group>"; };
		F00000370000000000000037 /* OWCBrandMark.swift */ = {isa = PBXFileReference; lastKnownFileType = sourcecode.swift; name = OWCBrandMark.swift; path = Native/Views/OWCBrandMark.swift; sourceTree = "<group>"; };
		F00000380000000000000038 /* OnboardingScheduleDetailsView.swift */ = {isa = PBXFileReference; lastKnownFileType = sourcecode.swift; name = OnboardingScheduleDetailsView.swift; path = Native/Views/OnboardingScheduleDetailsView.swift; sourceTree = "<group>"; };
		F00000390000000000000039 /* CelebratingBrandMark.swift */ = {isa = PBXFileReference; lastKnownFileType = sourcecode.swift; name = CelebratingBrandMark.swift; path = Native/Views/CelebratingBrandMark.swift; sourceTree = "<group>"; };
/* End PBXFileReference section */

/* Begin PBXFrameworksBuildPhase section */
		504EC3011FED79650016851F /* Frameworks */ = {
			isa = PBXFrameworksBuildPhase;
			buildActionMask = 2147483647;
			files = (
			);
			runOnlyForDeploymentPostprocessing = 0;
		};
		750000021234567890ABCDEF /* Frameworks */ = {
			isa = PBXFrameworksBuildPhase;
			buildActionMask = 2147483647;
			files = (
			);
			runOnlyForDeploymentPostprocessing = 0;
		};
		A40000020000000000000002 /* Frameworks */ = {
			isa = PBXFrameworksBuildPhase;
			buildActionMask = 2147483647;
			files = (
			);
			runOnlyForDeploymentPostprocessing = 0;
		};
/* End PBXFrameworksBuildPhase section */

/* Begin PBXGroup section */
		504EC2FB1FED79650016851F = {
			isa = PBXGroup;
			children = (
				504EC3061FED79650016851F /* App */,
				A30000010000000000000001 /* AppTests */,
				730000011234567890ABCDEF /* WidgetExtension */,
				720000051234567890ABCDEF /* WidgetSnapshot.swift */,
				720000061234567890ABCDEF /* OffWorkCountdownWidget.swift */,
				504EC3051FED79650016851F /* Products */,
			);
			sourceTree = "<group>";
		};
		504EC3051FED79650016851F /* Products */ = {
			isa = PBXGroup;
			children = (
				504EC3041FED79650016851F /* App.app */,
				7200000A1234567890ABCDEF /* OffWorkCountdownWidgetsExtension.appex */,
				A20000020000000000000002 /* AppTests.xctest */,
			);
			name = Products;
			sourceTree = "<group>";
		};
		504EC3061FED79650016851F /* App */ = {
			isa = PBXGroup;
			children = (
				504EC3071FED79650016851F /* AppDelegate.swift */,
				F00000010000000000000001 /* OWCDesignSystem.swift */,
				F00000160000000000000016 /* OWCMotion.swift */,
				F00000180000000000000018 /* OWCCountdownTextTransition.swift */,
				F00000140000000000000014 /* OWCSystemBackSwipeBridge.swift */,
				F00000020000000000000002 /* CountdownRules.swift */,
				F00000030000000000000003 /* OffWorkStore.swift */,
				F00000360000000000000036 /* DraggableBrandIcon.swift */,
				F00000370000000000000037 /* OWCBrandMark.swift */,
				F00000390000000000000039 /* CelebratingBrandMark.swift */,
				F00000380000000000000038 /* OnboardingScheduleDetailsView.swift */,
				F00000350000000000000035 /* RestDayUpcomingView.swift */,
				F00000340000000000000034 /* BiometricGate.swift */,
				F00000330000000000000033 /* ShiftPreviewRow.swift */,
				F00000320000000000000032 /* OffWorkStore+ShiftPreview.swift */,
				F00000310000000000000031 /* ShiftPreviewEntry.swift */,
				F00000300000000000000030 /* ShiftSetupTimelineView.swift */,
				F000002F000000000000002F /* SettingsSectionCard.swift */,
				F000002E000000000000002E /* SettingsSection.swift */,
				F000002D000000000000002D /* RelativeDurationFormatter.swift */,
				F000002C000000000000002C /* OWCHeroButtonStyle.swift */,
				F000002B000000000000002B /* ShiftSetupView.swift */,
				F000002A000000000000002A /* OWCSetupTimePickerSheet.swift */,
				F00000290000000000000029 /* ShiftStartButton.swift */,
				F00000270000000000000027 /* ShiftHeroCard.swift */,
				F00000260000000000000026 /* ShiftHeroTimeButton.swift */,
				F00000250000000000000025 /* StartArmState.swift */,
				F00000240000000000000024 /* SetupTimeField.swift */,
				F00000230000000000000023 /* OffWorkStore+Labels.swift */,
				F00000190000000000000019 /* UpcomingTimelineEvent.swift */,
				720000011234567890ABCDEF /* LiveActivityAttributes.swift */,
				F00000040000000000000004 /* NativeLocalizer.swift */,
				F00000050000000000000005 /* NotificationService.swift */,
				720000021234567890ABCDEF /* LiveActivityService.swift */,
				720000031234567890ABCDEF /* WidgetSnapshotPublisher.swift */,
				F00000060000000000000006 /* ShareSheet.swift */,
				F00000070000000000000007 /* OnboardingView.swift */,
				F00000080000000000000008 /* RootView.swift */,
				F00000090000000000000009 /* TimerView.swift */,
				F00000170000000000000017 /* TimerVisualPhase.swift */,
				F000001A000000000000001A /* UpcomingTimelineView.swift */,
				F000001F000000000000001F /* UpcomingTimelineEventRow.swift */,
				F00000200000000000000020 /* TimerActionBar.swift */,
				62E67BB1AA7F2D01B5263CE7 /* ClockOffEarlyLabel.swift */,
				F000000D000000000000000D /* TimerDesignView.swift */,
				F00000110000000000000011 /* TimerStatusViews.swift */,
				F000000E000000000000000E /* SettingsDesignView.swift */,
				F000000F000000000000000F /* SettingsDetailDesignViews.swift */,
				F00000130000000000000013 /* AboutView.swift */,
				F00000150000000000000015 /* AppRouteDestination.swift */,
				F00000100000000000000010 /* TabletDesignView.swift */,
				F00000120000000000000012 /* PhoneLandscapeView.swift */,
				F000000B000000000000000B /* CountdownRules.js */,
				F000000C000000000000000C /* locales */,
				504EC30E1FED79650016851F /* Assets.xcassets */,
				504EC3101FED79650016851F /* LaunchScreen.storyboard */,
				C20000010000000000000001 /* InfoPlist.strings */,
				504EC3131FED79650016851F /* Info.plist */,
				720000041234567890ABCDEF /* App.entitlements */,
			);
			path = App;
			sourceTree = "<group>";
		};
		730000011234567890ABCDEF /* WidgetExtension */ = {
			isa = PBXGroup;
			children = (
				720000071234567890ABCDEF /* OffWorkWidgets.swift */,
				720000081234567890ABCDEF /* Info.plist */,
				720000091234567890ABCDEF /* Widget.entitlements */,
			);
			path = WidgetExtension;
			sourceTree = "<group>";
		};
		A30000010000000000000001 /* AppTests */ = {
			isa = PBXGroup;
			children = (
				A20000010000000000000001 /* OffWorkStoreTests.swift */,
			);
			path = AppTests;
			sourceTree = "<group>";
		};
/* End PBXGroup section */

/* Begin PBXNativeTarget section */
		504EC3031FED79650016851F /* App */ = {
			isa = PBXNativeTarget;
			buildConfigurationList = 504EC3161FED79650016851F /* Build configuration list for PBXNativeTarget "App" */;
			buildPhases = (
				504EC3001FED79650016851F /* Sources */,
				504EC3011FED79650016851F /* Frameworks */,
				504EC3021FED79650016851F /* Resources */,
				750000041234567890ABCDEF /* Embed Foundation Extensions */,
			);
			buildRules = (
			);
			dependencies = (
				770000011234567890ABCDEF /* PBXTargetDependency */,
			);
			name = App;
			packageProductDependencies = (
			);
			productName = App;
			productReference = 504EC3041FED79650016851F /* App.app */;
			productType = "com.apple.product-type.application";
		};
		740000011234567890ABCDEF /* OffWorkCountdownWidgetsExtension */ = {
			isa = PBXNativeTarget;
			buildConfigurationList = 790000011234567890ABCDEF /* Build configuration list for PBXNativeTarget "OffWorkCountdownWidgetsExtension" */;
			buildPhases = (
				750000011234567890ABCDEF /* Sources */,
				750000021234567890ABCDEF /* Frameworks */,
				750000031234567890ABCDEF /* Resources */,
			);
			buildRules = (
			);
			dependencies = (
			);
			name = OffWorkCountdownWidgetsExtension;
			packageProductDependencies = (
			);
			productName = OffWorkCountdownWidgetsExtension;
			productReference = 7200000A1234567890ABCDEF /* OffWorkCountdownWidgetsExtension.appex */;
			productType = "com.apple.product-type.app-extension";
		};
		A50000010000000000000001 /* AppTests */ = {
			isa = PBXNativeTarget;
			buildConfigurationList = A90000010000000000000001 /* Build configuration list for PBXNativeTarget "AppTests" */;
			buildPhases = (
				A40000010000000000000001 /* Sources */,
				A40000020000000000000002 /* Frameworks */,
			);
			buildRules = (
			);
			dependencies = (
				A70000010000000000000001 /* PBXTargetDependency */,
			);
			name = AppTests;
			packageProductDependencies = (
			);
			productName = AppTests;
			productReference = A20000020000000000000002 /* AppTests.xctest */;
			productType = "com.apple.product-type.bundle.unit-test";
		};
/* End PBXNativeTarget section */

/* Begin PBXProject section */
		504EC2FC1FED79650016851F /* Project object */ = {
			isa = PBXProject;
			attributes = {
				BuildIndependentTargetsInParallel = YES;
				LastSwiftUpdateCheck = 0920;
				LastUpgradeCheck = 2660;
				TargetAttributes = {
					504EC3031FED79650016851F = {
						CreatedOnToolsVersion = 9.2;
						LastSwiftMigration = 1100;
						ProvisioningStyle = Automatic;
					};
					740000011234567890ABCDEF = {
						CreatedOnToolsVersion = 26.0;
						ProvisioningStyle = Automatic;
					};
					A50000010000000000000001 = {
						CreatedOnToolsVersion = 26.0;
						ProvisioningStyle = Automatic;
					};
				};
			};
			buildConfigurationList = 504EC2FF1FED79650016851F /* Build configuration list for PBXProject "App" */;
			compatibilityVersion = "Xcode 8.0";
			developmentRegion = en;
			hasScannedForEncodings = 0;
			knownRegions = (
				en,
				"zh-CN",
				"zh-HK",
				"zh-TW",
				ja,
				ko,
				de,
				es,
				fr,
				it,
				pt,
				ru,
				ar,
				"hi-IN",
				"mr-IN",
				id,
				th,
				tr,
				vi,
				Base,
			);
			mainGroup = 504EC2FB1FED79650016851F;
			packageReferences = (
			);
			productRefGroup = 504EC3051FED79650016851F /* Products */;
			projectDirPath = "";
			projectRoot = "";
			targets = (
				504EC3031FED79650016851F /* App */,
				740000011234567890ABCDEF /* OffWorkCountdownWidgetsExtension */,
				A50000010000000000000001 /* AppTests */,
			);
		};
/* End PBXProject section */

/* Begin PBXResourcesBuildPhase section */
		504EC3021FED79650016851F /* Resources */ = {
			isa = PBXResourcesBuildPhase;
			buildActionMask = 2147483647;
			files = (
				504EC3121FED79650016851F /* LaunchScreen.storyboard in Resources */,
				504EC30F1FED79650016851F /* Assets.xcassets in Resources */,
				E000000B000000000000000B /* CountdownRules.js in Resources */,
				E000000C000000000000000C /* locales in Resources */,
				C30000010000000000000001 /* InfoPlist.strings in Resources */,
			);
			runOnlyForDeploymentPostprocessing = 0;
		};
		750000031234567890ABCDEF /* Resources */ = {
			isa = PBXResourcesBuildPhase;
			buildActionMask = 2147483647;
			files = (
				710000091234567890ABCDEF /* Assets.xcassets in Resources */,
				7100000A1234567890ABCDEF /* locales in Resources */,
			);
			runOnlyForDeploymentPostprocessing = 0;
		};
/* End PBXResourcesBuildPhase section */

/* Begin PBXSourcesBuildPhase section */
		504EC3001FED79650016851F /* Sources */ = {
			isa = PBXSourcesBuildPhase;
			buildActionMask = 2147483647;
			files = (
				504EC3081FED79650016851F /* AppDelegate.swift in Sources */,
				E00000010000000000000001 /* OWCDesignSystem.swift in Sources */,
				E00000160000000000000016 /* OWCMotion.swift in Sources */,
				E00000180000000000000018 /* OWCCountdownTextTransition.swift in Sources */,
				E00000020000000000000002 /* CountdownRules.swift in Sources */,
				E00000030000000000000003 /* OffWorkStore.swift in Sources */,
				E00000360000000000000036 /* DraggableBrandIcon.swift in Sources */,
				E00000370000000000000037 /* OWCBrandMark.swift in Sources */,
				E00000390000000000000039 /* CelebratingBrandMark.swift in Sources */,
				E00000380000000000000038 /* OnboardingScheduleDetailsView.swift in Sources */,
				E00000350000000000000035 /* RestDayUpcomingView.swift in Sources */,
				E00000340000000000000034 /* BiometricGate.swift in Sources */,
				E00000330000000000000033 /* ShiftPreviewRow.swift in Sources */,
				E00000320000000000000032 /* OffWorkStore+ShiftPreview.swift in Sources */,
				E00000310000000000000031 /* ShiftPreviewEntry.swift in Sources */,
				E00000300000000000000030 /* ShiftSetupTimelineView.swift in Sources */,
				E000002F000000000000002F /* SettingsSectionCard.swift in Sources */,
				E000002E000000000000002E /* SettingsSection.swift in Sources */,
				E000002D000000000000002D /* RelativeDurationFormatter.swift in Sources */,
				E000002C000000000000002C /* OWCHeroButtonStyle.swift in Sources */,
				E000002B000000000000002B /* ShiftSetupView.swift in Sources */,
				E000002A000000000000002A /* OWCSetupTimePickerSheet.swift in Sources */,
				E00000290000000000000029 /* ShiftStartButton.swift in Sources */,
				E00000270000000000000027 /* ShiftHeroCard.swift in Sources */,
				E00000260000000000000026 /* ShiftHeroTimeButton.swift in Sources */,
				E00000250000000000000025 /* StartArmState.swift in Sources */,
				E00000240000000000000024 /* SetupTimeField.swift in Sources */,
				E00000230000000000000023 /* OffWorkStore+Labels.swift in Sources */,
				E00000040000000000000004 /* NativeLocalizer.swift in Sources */,
				E00000050000000000000005 /* NotificationService.swift in Sources */,
				710000011234567890ABCDEF /* LiveActivityAttributes.swift in Sources */,
				710000021234567890ABCDEF /* LiveActivityService.swift in Sources */,
				710000031234567890ABCDEF /* WidgetSnapshotPublisher.swift in Sources */,
				710000041234567890ABCDEF /* WidgetSnapshot.swift in Sources */,
				E00000060000000000000006 /* ShareSheet.swift in Sources */,
				E00000070000000000000007 /* OnboardingView.swift in Sources */,
				E00000080000000000000008 /* RootView.swift in Sources */,
				E00000090000000000000009 /* TimerView.swift in Sources */,
				E00000170000000000000017 /* TimerVisualPhase.swift in Sources */,
				E00000190000000000000019 /* UpcomingTimelineEvent.swift in Sources */,
				E000001A000000000000001A /* UpcomingTimelineView.swift in Sources */,
				E000001F000000000000001F /* UpcomingTimelineEventRow.swift in Sources */,
				E00000200000000000000020 /* TimerActionBar.swift in Sources */,
				6BD818DF3D90C7175FC64B96 /* ClockOffEarlyLabel.swift in Sources */,
				E000000D000000000000000D /* TimerDesignView.swift in Sources */,
				E000000E000000000000000E /* SettingsDesignView.swift in Sources */,
				E000000F000000000000000F /* SettingsDetailDesignViews.swift in Sources */,
				E00000100000000000000010 /* TabletDesignView.swift in Sources */,
				E00000110000000000000011 /* TimerStatusViews.swift in Sources */,
				E00000120000000000000012 /* PhoneLandscapeView.swift in Sources */,
				E00000130000000000000013 /* AboutView.swift in Sources */,
				E00000140000000000000014 /* OWCSystemBackSwipeBridge.swift in Sources */,
				E00000150000000000000015 /* AppRouteDestination.swift in Sources */,
			);
			runOnlyForDeploymentPostprocessing = 0;
		};
		750000011234567890ABCDEF /* Sources */ = {
			isa = PBXSourcesBuildPhase;
			buildActionMask = 2147483647;
			files = (
				710000051234567890ABCDEF /* LiveActivityAttributes.swift in Sources */,
				710000061234567890ABCDEF /* WidgetSnapshot.swift in Sources */,
				710000071234567890ABCDEF /* OffWorkCountdownWidget.swift in Sources */,
				710000081234567890ABCDEF /* OffWorkWidgets.swift in Sources */,
			);
			runOnlyForDeploymentPostprocessing = 0;
		};
		A40000010000000000000001 /* Sources */ = {
			isa = PBXSourcesBuildPhase;
			buildActionMask = 2147483647;
			files = (
				A10000010000000000000001 /* OffWorkStoreTests.swift in Sources */,
			);
			runOnlyForDeploymentPostprocessing = 0;
		};
/* End PBXSourcesBuildPhase section */

/* Begin PBXTargetDependency section */
		770000011234567890ABCDEF /* PBXTargetDependency */ = {
			isa = PBXTargetDependency;
			target = 740000011234567890ABCDEF /* OffWorkCountdownWidgetsExtension */;
			targetProxy = 760000011234567890ABCDEF /* PBXContainerItemProxy */;
		};
		A70000010000000000000001 /* PBXTargetDependency */ = {
			isa = PBXTargetDependency;
			target = 504EC3031FED79650016851F /* App */;
			targetProxy = A60000010000000000000001 /* PBXContainerItemProxy */;
		};
/* End PBXTargetDependency section */

/* Begin PBXVariantGroup section */
		504EC3101FED79650016851F /* LaunchScreen.storyboard */ = {
			isa = PBXVariantGroup;
			children = (
				504EC3111FED79650016851F /* Base */,
			);
			name = LaunchScreen.storyboard;
			sourceTree = "<group>";
		};
		C20000010000000000000001 /* InfoPlist.strings */ = {
			isa = PBXVariantGroup;
			children = (
				C10000010000000000000001 /* en */,
				C10000020000000000000002 /* zh-CN */,
				C10000030000000000000003 /* zh-HK */,
				C10000040000000000000004 /* zh-TW */,
				C10000050000000000000005 /* ja */,
				C10000060000000000000006 /* ko */,
				C10000070000000000000007 /* de */,
				C10000080000000000000008 /* es */,
				C10000090000000000000009 /* fr */,
				C100000A000000000000000A /* it */,
				C100000B000000000000000B /* pt */,
				C100000C000000000000000C /* ru */,
				C100000D000000000000000D /* ar */,
				C100000E000000000000000E /* hi-IN */,
				C100000F000000000000000F /* mr-IN */,
				C10000100000000000000010 /* id */,
				C10000110000000000000011 /* th */,
				C10000120000000000000012 /* tr */,
				C10000130000000000000013 /* vi */,
			);
			name = InfoPlist.strings;
			sourceTree = "<group>";
		};
/* End PBXVariantGroup section */

/* Begin XCBuildConfiguration section */
		504EC3141FED79650016851F /* Debug */ = {
			isa = XCBuildConfiguration;
			buildSettings = {
				ALWAYS_SEARCH_USER_PATHS = NO;
				ASSETCATALOG_COMPILER_GENERATE_ASSET_SYMBOL_EXTENSIONS = YES;
				ASSETCATALOG_COMPILER_GENERATE_SWIFT_ASSET_SYMBOL_EXTENSIONS = YES;
				CLANG_ANALYZER_LOCALIZABILITY_NONLOCALIZED = YES;
				CLANG_ANALYZER_NONNULL = YES;
				CLANG_ANALYZER_NUMBER_OBJECT_CONVERSION = YES_AGGRESSIVE;
				CLANG_CXX_LANGUAGE_STANDARD = "gnu++14";
				CLANG_CXX_LIBRARY = "libc++";
				CLANG_ENABLE_MODULES = YES;
				CLANG_ENABLE_OBJC_ARC = YES;
				CLANG_WARN_BLOCK_CAPTURE_AUTORELEASING = YES;
				CLANG_WARN_BOOL_CONVERSION = YES;
				CLANG_WARN_COMMA = YES;
				CLANG_WARN_CONSTANT_CONVERSION = YES;
				CLANG_WARN_DEPRECATED_OBJC_IMPLEMENTATIONS = YES;
				CLANG_WARN_DIRECT_OBJC_ISA_USAGE = YES_ERROR;
				CLANG_WARN_DOCUMENTATION_COMMENTS = YES;
				CLANG_WARN_EMPTY_BODY = YES;
				CLANG_WARN_ENUM_CONVERSION = YES;
				CLANG_WARN_INFINITE_RECURSION = YES;
				CLANG_WARN_INT_CONVERSION = YES;
				CLANG_WARN_NON_LITERAL_NULL_CONVERSION = YES;
				CLANG_WARN_OBJC_IMPLICIT_RETAIN_SELF = YES;
				CLANG_WARN_OBJC_LITERAL_CONVERSION = YES;
				CLANG_WARN_OBJC_ROOT_CLASS = YES_ERROR;
				CLANG_WARN_QUOTED_INCLUDE_IN_FRAMEWORK_HEADER = YES;
				CLANG_WARN_RANGE_LOOP_ANALYSIS = YES;
				CLANG_WARN_STRICT_PROTOTYPES = YES;
				CLANG_WARN_SUSPICIOUS_MOVE = YES;
				CLANG_WARN_UNGUARDED_AVAILABILITY = YES_AGGRESSIVE;
				CLANG_WARN_UNREACHABLE_CODE = YES;
				CLANG_WARN__DUPLICATE_METHOD_MATCH = YES;
				CODE_SIGN_IDENTITY = "iPhone Developer";
				COPY_PHASE_STRIP = NO;
				DEBUG_INFORMATION_FORMAT = dwarf;
				DEVELOPMENT_TEAM = 3GSK5B9S3T;
				ENABLE_STRICT_OBJC_MSGSEND = YES;
				ENABLE_TESTABILITY = YES;
				ENABLE_USER_SCRIPT_SANDBOXING = YES;
				GCC_C_LANGUAGE_STANDARD = gnu11;
				GCC_DYNAMIC_NO_PIC = NO;
				GCC_NO_COMMON_BLOCKS = YES;
				GCC_OPTIMIZATION_LEVEL = 0;
				GCC_PREPROCESSOR_DEFINITIONS = (
					"DEBUG=1",
					"$(inherited)",
				);
				GCC_WARN_64_TO_32_BIT_CONVERSION = YES;
				GCC_WARN_ABOUT_RETURN_TYPE = YES_ERROR;
				GCC_WARN_UNDECLARED_SELECTOR = YES;
				GCC_WARN_UNINITIALIZED_AUTOS = YES_AGGRESSIVE;
				GCC_WARN_UNUSED_FUNCTION = YES;
				GCC_WARN_UNUSED_VARIABLE = YES;
				IPHONEOS_DEPLOYMENT_TARGET = 26.0;
				MTL_ENABLE_DEBUG_INFO = YES;
				ONLY_ACTIVE_ARCH = YES;
				SDKROOT = iphoneos;
				STRING_CATALOG_GENERATE_SYMBOLS = YES;
				SWIFT_ACTIVE_COMPILATION_CONDITIONS = DEBUG;
				SWIFT_APPROACHABLE_CONCURRENCY = YES;
				SWIFT_OPTIMIZATION_LEVEL = "-Onone";
			};
			name = Debug;
		};
		504EC3151FED79650016851F /* Release */ = {
			isa = XCBuildConfiguration;
			buildSettings = {
				ALWAYS_SEARCH_USER_PATHS = NO;
				ASSETCATALOG_COMPILER_GENERATE_ASSET_SYMBOL_EXTENSIONS = YES;
				ASSETCATALOG_COMPILER_GENERATE_SWIFT_ASSET_SYMBOL_EXTENSIONS = YES;
				CLANG_ANALYZER_LOCALIZABILITY_NONLOCALIZED = YES;
				CLANG_ANALYZER_NONNULL = YES;
				CLANG_ANALYZER_NUMBER_OBJECT_CONVERSION = YES_AGGRESSIVE;
				CLANG_CXX_LANGUAGE_STANDARD = "gnu++14";
				CLANG_CXX_LIBRARY = "libc++";
				CLANG_ENABLE_MODULES = YES;
				CLANG_ENABLE_OBJC_ARC = YES;
				CLANG_WARN_BLOCK_CAPTURE_AUTORELEASING = YES;
				CLANG_WARN_BOOL_CONVERSION = YES;
				CLANG_WARN_COMMA = YES;
				CLANG_WARN_CONSTANT_CONVERSION = YES;
				CLANG_WARN_DEPRECATED_OBJC_IMPLEMENTATIONS = YES;
				CLANG_WARN_DIRECT_OBJC_ISA_USAGE = YES_ERROR;
				CLANG_WARN_DOCUMENTATION_COMMENTS = YES;
				CLANG_WARN_EMPTY_BODY = YES;
				CLANG_WARN_ENUM_CONVERSION = YES;
				CLANG_WARN_INFINITE_RECURSION = YES;
				CLANG_WARN_INT_CONVERSION = YES;
				CLANG_WARN_NON_LITERAL_NULL_CONVERSION = YES;
				CLANG_WARN_OBJC_IMPLICIT_RETAIN_SELF = YES;
				CLANG_WARN_OBJC_LITERAL_CONVERSION = YES;
				CLANG_WARN_OBJC_ROOT_CLASS = YES_ERROR;
				CLANG_WARN_QUOTED_INCLUDE_IN_FRAMEWORK_HEADER = YES;
				CLANG_WARN_RANGE_LOOP_ANALYSIS = YES;
				CLANG_WARN_STRICT_PROTOTYPES = YES;
				CLANG_WARN_SUSPICIOUS_MOVE = YES;
				CLANG_WARN_UNGUARDED_AVAILABILITY = YES_AGGRESSIVE;
				CLANG_WARN_UNREACHABLE_CODE = YES;
				CLANG_WARN__DUPLICATE_METHOD_MATCH = YES;
				CODE_SIGN_IDENTITY = "iPhone Developer";
				COPY_PHASE_STRIP = NO;
				DEBUG_INFORMATION_FORMAT = "dwarf-with-dsym";
				DEVELOPMENT_TEAM = 3GSK5B9S3T;
				ENABLE_NS_ASSERTIONS = NO;
				ENABLE_STRICT_OBJC_MSGSEND = YES;
				ENABLE_USER_SCRIPT_SANDBOXING = YES;
				GCC_C_LANGUAGE_STANDARD = gnu11;
				GCC_NO_COMMON_BLOCKS = YES;
				GCC_WARN_64_TO_32_BIT_CONVERSION = YES;
				GCC_WARN_ABOUT_RETURN_TYPE = YES_ERROR;
				GCC_WARN_UNDECLARED_SELECTOR = YES;
				GCC_WARN_UNINITIALIZED_AUTOS = YES_AGGRESSIVE;
				GCC_WARN_UNUSED_FUNCTION = YES;
				GCC_WARN_UNUSED_VARIABLE = YES;
				IPHONEOS_DEPLOYMENT_TARGET = 26.0;
				MTL_ENABLE_DEBUG_INFO = NO;
				SDKROOT = iphoneos;
				STRING_CATALOG_GENERATE_SYMBOLS = YES;
				SWIFT_APPROACHABLE_CONCURRENCY = YES;
				SWIFT_COMPILATION_MODE = wholemodule;
				SWIFT_OPTIMIZATION_LEVEL = "-O";
				VALIDATE_PRODUCT = YES;
			};
			name = Release;
		};
		504EC3171FED79650016851F /* Debug */ = {
			isa = XCBuildConfiguration;
			buildSettings = {
				ASSETCATALOG_COMPILER_APPICON_NAME = AppIcon;
				CODE_SIGN_ENTITLEMENTS = App/App.entitlements;
				CODE_SIGN_STYLE = Automatic;
				CURRENT_PROJECT_VERSION = 2;
				INFOPLIST_FILE = App/Info.plist;
				INFOPLIST_KEY_UIApplicationSceneManifest_Generation = YES;
				INFOPLIST_KEY_UIApplicationSupportsIndirectInputEvents = YES;
				IPHONEOS_DEPLOYMENT_TARGET = 26.0;
				LD_RUNPATH_SEARCH_PATHS = (
					"$(inherited)",
					"@executable_path/Frameworks",
				);
				MARKETING_VERSION = 3.1.7;
				OTHER_SWIFT_FLAGS = "$(inherited) -DDEBUG";
				PRODUCT_BUNDLE_IDENTIFIER = com.rainif.offworkcountdown.macappstore;
				PRODUCT_NAME = "$(TARGET_NAME)";
				SWIFT_ACTIVE_COMPILATION_CONDITIONS = DEBUG;
				SWIFT_DEFAULT_ACTOR_ISOLATION = MainActor;
				SWIFT_VERSION = 6.0;
				TARGETED_DEVICE_FAMILY = "1,2";
			};
			name = Debug;
		};
		504EC3181FED79650016851F /* Release */ = {
			isa = XCBuildConfiguration;
			buildSettings = {
				ASSETCATALOG_COMPILER_APPICON_NAME = AppIcon;
				CODE_SIGN_ENTITLEMENTS = App/App.entitlements;
				CODE_SIGN_STYLE = Automatic;
				CURRENT_PROJECT_VERSION = 2;
				INFOPLIST_FILE = App/Info.plist;
				INFOPLIST_KEY_UIApplicationSceneManifest_Generation = YES;
				INFOPLIST_KEY_UIApplicationSupportsIndirectInputEvents = YES;
				IPHONEOS_DEPLOYMENT_TARGET = 26.0;
				LD_RUNPATH_SEARCH_PATHS = (
					"$(inherited)",
					"@executable_path/Frameworks",
				);
				MARKETING_VERSION = 3.1.7;
				PRODUCT_BUNDLE_IDENTIFIER = com.rainif.offworkcountdown.macappstore;
				PRODUCT_NAME = "$(TARGET_NAME)";
				SWIFT_ACTIVE_COMPILATION_CONDITIONS = "";
				SWIFT_DEFAULT_ACTOR_ISOLATION = MainActor;
				SWIFT_VERSION = 6.0;
				TARGETED_DEVICE_FAMILY = "1,2";
			};
			name = Release;
		};
		780000011234567890ABCDEF /* Debug */ = {
			isa = XCBuildConfiguration;
			buildSettings = {
				APPLICATION_EXTENSION_API_ONLY = YES;
				CODE_SIGN_ENTITLEMENTS = WidgetExtension/Widget.entitlements;
				CODE_SIGN_STYLE = Automatic;
				CURRENT_PROJECT_VERSION = 2;
				INFOPLIST_FILE = WidgetExtension/Info.plist;
				IPHONEOS_DEPLOYMENT_TARGET = 26.0;
				LD_RUNPATH_SEARCH_PATHS = (
					"$(inherited)",
					"@executable_path/Frameworks",
					"@executable_path/../../Frameworks",
				);
				MARKETING_VERSION = 3.1.7;
				PRODUCT_BUNDLE_IDENTIFIER = com.rainif.offworkcountdown.macappstore.widget;
				PRODUCT_NAME = "$(TARGET_NAME)";
				SKIP_INSTALL = YES;
				SWIFT_ACTIVE_COMPILATION_CONDITIONS = DEBUG;
				SWIFT_VERSION = 6.0;
				TARGETED_DEVICE_FAMILY = "1,2";
			};
			name = Debug;
		};
		780000021234567890ABCDEF /* Release */ = {
			isa = XCBuildConfiguration;
			buildSettings = {
				APPLICATION_EXTENSION_API_ONLY = YES;
				CODE_SIGN_ENTITLEMENTS = WidgetExtension/Widget.entitlements;
				CODE_SIGN_STYLE = Automatic;
				CURRENT_PROJECT_VERSION = 2;
				INFOPLIST_FILE = WidgetExtension/Info.plist;
				IPHONEOS_DEPLOYMENT_TARGET = 26.0;
				LD_RUNPATH_SEARCH_PATHS = (
					"$(inherited)",
					"@executable_path/Frameworks",
					"@executable_path/../../Frameworks",
				);
				MARKETING_VERSION = 3.1.7;
				PRODUCT_BUNDLE_IDENTIFIER = com.rainif.offworkcountdown.macappstore.widget;
				PRODUCT_NAME = "$(TARGET_NAME)";
				SKIP_INSTALL = YES;
				SWIFT_ACTIVE_COMPILATION_CONDITIONS = "";
				SWIFT_VERSION = 6.0;
				TARGETED_DEVICE_FAMILY = "1,2";
			};
			name = Release;
		};
		A80000010000000000000001 /* Debug */ = {
			isa = XCBuildConfiguration;
			buildSettings = {
				BUNDLE_LOADER = "$(TEST_HOST)";
				CODE_SIGN_STYLE = Automatic;
				GENERATE_INFOPLIST_FILE = YES;
				IPHONEOS_DEPLOYMENT_TARGET = 26.0;
				PRODUCT_BUNDLE_IDENTIFIER = com.rainif.offworkcountdown.macappstore.tests;
				PRODUCT_NAME = "$(TARGET_NAME)";
				SWIFT_VERSION = 6.0;
				TARGETED_DEVICE_FAMILY = "1,2";
				TEST_HOST = "$(BUILT_PRODUCTS_DIR)/App.app/$(BUNDLE_EXECUTABLE_FOLDER_PATH)/App";
			};
			name = Debug;
		};
		A80000020000000000000002 /* Release */ = {
			isa = XCBuildConfiguration;
			buildSettings = {
				BUNDLE_LOADER = "$(TEST_HOST)";
				CODE_SIGN_STYLE = Automatic;
				GENERATE_INFOPLIST_FILE = YES;
				IPHONEOS_DEPLOYMENT_TARGET = 26.0;
				PRODUCT_BUNDLE_IDENTIFIER = com.rainif.offworkcountdown.macappstore.tests;
				PRODUCT_NAME = "$(TARGET_NAME)";
				SWIFT_VERSION = 6.0;
				TARGETED_DEVICE_FAMILY = "1,2";
				TEST_HOST = "$(BUILT_PRODUCTS_DIR)/App.app/$(BUNDLE_EXECUTABLE_FOLDER_PATH)/App";
			};
			name = Release;
		};
/* End XCBuildConfiguration section */

/* Begin XCConfigurationList section */
		504EC2FF1FED79650016851F /* Build configuration list for PBXProject "App" */ = {
			isa = XCConfigurationList;
			buildConfigurations = (
				504EC3141FED79650016851F /* Debug */,
				504EC3151FED79650016851F /* Release */,
			);
			defaultConfigurationIsVisible = 0;
			defaultConfigurationName = Release;
		};
		504EC3161FED79650016851F /* Build configuration list for PBXNativeTarget "App" */ = {
			isa = XCConfigurationList;
			buildConfigurations = (
				504EC3171FED79650016851F /* Debug */,
				504EC3181FED79650016851F /* Release */,
			);
			defaultConfigurationIsVisible = 0;
			defaultConfigurationName = Release;
		};
		790000011234567890ABCDEF /* Build configuration list for PBXNativeTarget "OffWorkCountdownWidgetsExtension" */ = {
			isa = XCConfigurationList;
			buildConfigurations = (
				780000011234567890ABCDEF /* Debug */,
				780000021234567890ABCDEF /* Release */,
			);
			defaultConfigurationIsVisible = 0;
			defaultConfigurationName = Release;
		};
		A90000010000000000000001 /* Build configuration list for PBXNativeTarget "AppTests" */ = {
			isa = XCConfigurationList;
			buildConfigurations = (
				A80000010000000000000001 /* Debug */,
				A80000020000000000000002 /* Release */,
			);
			defaultConfigurationIsVisible = 0;
			defaultConfigurationName = Release;
		};
/* End XCConfigurationList section */
	};
	rootObject = 504EC2FC1FED79650016851F /* Project object */;
}
